
Microsoft Visual Studio Solution File, Format Version 12.00
# Visual Studio Version 16
VisualStudioVersion = 16.0.33027.164
MinimumVisualStudioVersion = 10.0.40219.1
Project("{FAE04EC0-301F-11D3-BF4B-00C04F79EFBC}") = "ShowApplication", "ShowApplication\ShowApplication.csproj", "{F887E7A2-E826-456D-9D91-A44D53CCFFC2}"
EndProject
Global
	GlobalSection(SolutionConfigurationPlatforms) = preSolution
		Debug|Any CPU = Debug|Any CPU
		Release|Any CPU = Release|Any CPU
	EndGlobalSection
	GlobalSection(ProjectConfigurationPlatforms) = postSolution
		{F887E7A2-E826-456D-9D91-A44D53CCFFC2}.Debug|Any CPU.ActiveCfg = Debug|Any CPU
		{F887E7A2-E826-456D-9D91-A44D53CCFFC2}.Debug|Any CPU.Build.0 = Debug|Any CPU
		{F887E7A2-E826-456D-9D91-A44D53CCFFC2}.Release|Any CPU.ActiveCfg = Release|Any CPU
		{F887E7A2-E826-456D-9D91-A44D53CCFFC2}.Release|Any CPU.Build.0 = Release|Any CPU
	EndGlobalSection
	GlobalSection(SolutionProperties) = preSolution
		HideSolutionNode = FALSE
	EndGlobalSection
	GlobalSection(ExtensibilityGlobals) = postSolution
		SolutionGuid = {8E87C6CC-9C12-4F73-B9AC-DBB64477F03F}
	EndGlobalSection
EndGlobal
